# This file was autogenerated by Stack.
# You should not edit this file by hand.
# For more information, please see the documentation at:
#   https://docs.haskellstack.org/en/stable/topics/lock_files

packages:
- completed:
    hackage: regex-applicative-0.3.4@sha256:a8a15d4e053bab8e97428c62c9c2afa2420ad4e67f87e9bec64a22b3cc0e9f48,2609
    pantry-tree:
      sha256: c000c89989b64661a9bcabef1beeb6ad4713697eb371bdf9576526d460330fbd
      size: 1076
  original:
    hackage: regex-applicative-0.3.4
- completed:
    hackage: filtrable-0.1.6.0@sha256:662f7ae6f940e62bfa8cd18ae2bd391e733696a8e053aaf29b1931004c805a2a,1893
    pantry-tree:
      sha256: 19e42d5ff44106fe570c690f1935b18057924c4bec0ca2716520d373a042f1ec
      size: 278
  original:
    hackage: filtrable-0.1.6.0
- completed:
    hackage: cryptonite-0.30@sha256:12c85dea7be63e5ad90bcb487eb3846bf3c413347f94336fa1dede7b28f9936a,18301
    pantry-tree:
      sha256: df1cbe4cc40d569cc75ffed40bc5deac43cb085653980b42b9b6a5d4b745a30a
      size: 23323
  original:
    hackage: cryptonite-0.30
snapshots:
- completed:
    sha256: 30241dba79e356d60ca3bf40b00f8d61df8dc0713ca49ff041fe8961db9085e3
    size: 711990
    url: https://raw.githubusercontent.com/commercialhaskell/stackage-snapshots/master/nightly/2025/11/30.yaml
  original: nightly-2025-11-30
